
Microsoft Visual Studio Solution File, Format Version 12.00
# Visual Studio Version 17
VisualStudioVersion = 17.14.36717.8 d17.14
MinimumVisualStudioVersion = 10.0.40219.1
Project("{FAE04EC0-301F-11D3-BF4B-00C04F79EFBC}") = "Question 5.2", "Question 5.2.csproj", "{2177CDA2-CC0A-4CA0-B767-C675E7CEFEA9}"
EndProject
Project("{FAE04EC0-301F-11D3-BF4B-00C04F79EFBC}") = "Question 5.2.1", "..\Question 5.2.1\Question 5.2.1.csproj", "{6D1DF4DC-0A6A-4B5F-94EA-822B01CCD88A}"
EndProject
Global
	GlobalSection(SolutionConfigurationPlatforms) = preSolution
		Debug|Any CPU = Debug|Any CPU
		Release|Any CPU = Release|Any CPU
	EndGlobalSection
	GlobalSection(ProjectConfigurationPlatforms) = postSolution
		{2177CDA2-CC0A-4CA0-B767-C675E7CEFEA9}.Debug|Any CPU.ActiveCfg = Debug|Any CPU
		{2177CDA2-CC0A-4CA0-B767-C675E7CEFEA9}.Debug|Any CPU.Build.0 = Debug|Any CPU
		{2177CDA2-CC0A-4CA0-B767-C675E7CEFEA9}.Release|Any CPU.ActiveCfg = Release|Any CPU
		{2177CDA2-CC0A-4CA0-B767-C675E7CEFEA9}.Release|Any CPU.Build.0 = Release|Any CPU
		{6D1DF4DC-0A6A-4B5F-94EA-822B01CCD88A}.Debug|Any CPU.ActiveCfg = Debug|Any CPU
		{6D1DF4DC-0A6A-4B5F-94EA-822B01CCD88A}.Debug|Any CPU.Build.0 = Debug|Any CPU
		{6D1DF4DC-0A6A-4B5F-94EA-822B01CCD88A}.Release|Any CPU.ActiveCfg = Release|Any CPU
		{6D1DF4DC-0A6A-4B5F-94EA-822B01CCD88A}.Release|Any CPU.Build.0 = Release|Any CPU
	EndGlobalSection
	GlobalSection(SolutionProperties) = preSolution
		HideSolutionNode = FALSE
	EndGlobalSection
	GlobalSection(ExtensibilityGlobals) = postSolution
		SolutionGuid = {1C24A5F7-5923-4A5B-A8F2-973456ED1D29}
	EndGlobalSection
EndGlobal
